
Microsoft Visual Studio Solution File, Format Version 12.00
Project("{FAE04EC0-301F-11D3-BF4B-00C04F79EFBC}") = "StringCalculatorMaaiHam", "StringCalculatorMaaiHam\StringCalculatorMaaiHam.csproj", "{242ECA95-E0A1-4116-B09C-2C918B3814FB}"
EndProject
Project("{FAE04EC0-301F-11D3-BF4B-00C04F79EFBC}") = "StringCalculatorMaaiHam.UnitTest", "StringCalculatorMaaiHam.UnitTest\StringCalculatorMaaiHam.UnitTest.csproj", "{821C7407-B893-49B3-8950-389E637E7C67}"
EndProject
Global
	GlobalSection(SolutionConfigurationPlatforms) = preSolution
		Debug|Any CPU = Debug|Any CPU
		Release|Any CPU = Release|Any CPU
	EndGlobalSection
	GlobalSection(ProjectConfigurationPlatforms) = postSolution
		{242ECA95-E0A1-4116-B09C-2C918B3814FB}.Debug|Any CPU.ActiveCfg = Debug|Any CPU
		{242ECA95-E0A1-4116-B09C-2C918B3814FB}.Debug|Any CPU.Build.0 = Debug|Any CPU
		{242ECA95-E0A1-4116-B09C-2C918B3814FB}.Release|Any CPU.ActiveCfg = Release|Any CPU
		{242ECA95-E0A1-4116-B09C-2C918B3814FB}.Release|Any CPU.Build.0 = Release|Any CPU
		{821C7407-B893-49B3-8950-389E637E7C67}.Debug|Any CPU.ActiveCfg = Debug|Any CPU
		{821C7407-B893-49B3-8950-389E637E7C67}.Debug|Any CPU.Build.0 = Debug|Any CPU
		{821C7407-B893-49B3-8950-389E637E7C67}.Release|Any CPU.ActiveCfg = Release|Any CPU
		{821C7407-B893-49B3-8950-389E637E7C67}.Release|Any CPU.Build.0 = Release|Any CPU
	EndGlobalSection
EndGlobal
